
Microsoft Visual Studio Solution File, Format Version 12.00
# Visual Studio Version 16
VisualStudioVersion = 16.0.31019.35
MinimumVisualStudioVersion = 10.0.40219.1
Project("{FAE04EC0-301F-11D3-BF4B-00C04F79EFBC}") = "WebUI", "WebUI\WebUI.csproj", "{98D7BE19-41BF-4D66-A313-09E4551D8022}"
EndProject
Project("{FAE04EC0-301F-11D3-BF4B-00C04F79EFBC}") = "Entities", "EntityLayer\Entities.csproj", "{B3C702C9-15B2-498C-9669-38657C4324A4}"
EndProject
Project("{FAE04EC0-301F-11D3-BF4B-00C04F79EFBC}") = "DataAccess", "DataAccessLayer\DataAccess.csproj", "{78BFBC40-42C6-46BE-9E8B-5AF1270B1FA3}"
EndProject
Project("{FAE04EC0-301F-11D3-BF4B-00C04F79EFBC}") = "Business", "BusinessLayer\Business.csproj", "{450C2EE3-C185-40B3-A8E6-376391EFECBE}"
EndProject
Global
	GlobalSection(SolutionConfigurationPlatforms) = preSolution
		Debug|Any CPU = Debug|Any CPU
		Release|Any CPU = Release|Any CPU
	EndGlobalSection
	GlobalSection(ProjectConfigurationPlatforms) = postSolution
		{98D7BE19-41BF-4D66-A313-09E4551D8022}.Debug|Any CPU.ActiveCfg = Debug|Any CPU
		{98D7BE19-41BF-4D66-A313-09E4551D8022}.Debug|Any CPU.Build.0 = Debug|Any CPU
		{98D7BE19-41BF-4D66-A313-09E4551D8022}.Release|Any CPU.ActiveCfg = Release|Any CPU
		{98D7BE19-41BF-4D66-A313-09E4551D8022}.Release|Any CPU.Build.0 = Release|Any CPU
		{B3C702C9-15B2-498C-9669-38657C4324A4}.Debug|Any CPU.ActiveCfg = Debug|Any CPU
		{B3C702C9-15B2-498C-9669-38657C4324A4}.Debug|Any CPU.Build.0 = Debug|Any CPU
		{B3C702C9-15B2-498C-9669-38657C4324A4}.Release|Any CPU.ActiveCfg = Release|Any CPU
		{B3C702C9-15B2-498C-9669-38657C4324A4}.Release|Any CPU.Build.0 = Release|Any CPU
		{78BFBC40-42C6-46BE-9E8B-5AF1270B1FA3}.Debug|Any CPU.ActiveCfg = Debug|Any CPU
		{78BFBC40-42C6-46BE-9E8B-5AF1270B1FA3}.Debug|Any CPU.Build.0 = Debug|Any CPU
		{78BFBC40-42C6-46BE-9E8B-5AF1270B1FA3}.Release|Any CPU.ActiveCfg = Release|Any CPU
		{78BFBC40-42C6-46BE-9E8B-5AF1270B1FA3}.Release|Any CPU.Build.0 = Release|Any CPU
		{450C2EE3-C185-40B3-A8E6-376391EFECBE}.Debug|Any CPU.ActiveCfg = Debug|Any CPU
		{450C2EE3-C185-40B3-A8E6-376391EFECBE}.Debug|Any CPU.Build.0 = Debug|Any CPU
		{450C2EE3-C185-40B3-A8E6-376391EFECBE}.Release|Any CPU.ActiveCfg = Release|Any CPU
		{450C2EE3-C185-40B3-A8E6-376391EFECBE}.Release|Any CPU.Build.0 = Release|Any CPU
	EndGlobalSection
	GlobalSection(SolutionProperties) = preSolution
		HideSolutionNode = FALSE
	EndGlobalSection
	GlobalSection(ExtensibilityGlobals) = postSolution
		SolutionGuid = {EAC600AB-5FA2-419B-9A9D-E89C655C0848}
	EndGlobalSection
EndGlobal
